
Microsoft Visual Studio Solution File, Format Version 12.00
# Visual Studio Version 17
VisualStudioVersion = 17.1.32228.430
MinimumVisualStudioVersion = 10.0.40219.1
Project("{9A19103F-16F7-4668-BE54-9A1E7A4F7556}") = "Elight.Utility", "Elight.Utility\Elight.Utility.csproj", "{DCDD51F7-823A-4BD3-88B5-128E2AD72C27}"
EndProject
Project("{9A19103F-16F7-4668-BE54-9A1E7A4F7556}") = "Elight.Entity", "Elight.Entity\Elight.Entity.csproj", "{7AE77DF4-0A65-493F-91A6-8DDEA8649090}"
EndProject
Project("{9A19103F-16F7-4668-BE54-9A1E7A4F7556}") = "Elight.Logic", "Elight.Logic\Elight.Logic.csproj", "{C1794956-939F-45D3-9004-756AF5A3D13B}"
EndProject
Project("{9A19103F-16F7-4668-BE54-9A1E7A4F7556}") = "Elight.WebUI", "Elight.WebUI\Elight.WebUI.csproj", "{4DC48A40-4D3F-4A09-920F-72BA95D5D15D}"
EndProject
Project("{9A19103F-16F7-4668-BE54-9A1E7A4F7556}") = "Elight.WinForm", "Elight.WinForm\Elight.WinForm.csproj", "{E3F4B88E-CB27-443D-BF2C-CB895AA0EFDB}"
EndProject
Project("{2150E333-8FDC-42A3-9474-1A3956D46DE8}") = "WinForm WebAPI版", "WinForm WebAPI版", "{119909A6-F077-46EC-AA90-0053795F5937}"
EndProject
Project("{2150E333-8FDC-42A3-9474-1A3956D46DE8}") = "WinForm 数据库直连版", "WinForm 数据库直连版", "{E0F13A2C-519F-4A0D-A90D-0F73FC392520}"
EndProject
Project("{9A19103F-16F7-4668-BE54-9A1E7A4F7556}") = "Elight.WinForm", "Elight.WinForm1\Elight.WinForm.csproj", "{2E793ADE-83E0-4473-8B3C-4AA7DE259DE6}"
EndProject
Project("{9A19103F-16F7-4668-BE54-9A1E7A4F7556}") = "Elight.Reposity", "Elight.Reposity\Elight.Reposity.csproj", "{7DC56329-417F-4F79-BE25-E6E9948AB0A7}"
EndProject
Project("{9A19103F-16F7-4668-BE54-9A1E7A4F7556}") = "Elight.Service", "Elight.Service\Elight.Service.csproj", "{24F7863E-8A1D-4B14-943F-862E5B96AFCF}"
EndProject
Project("{9A19103F-16F7-4668-BE54-9A1E7A4F7556}") = "Elight.CodeRules", "Elight.CodeRules\Elight.CodeRules.csproj", "{DBED1D64-AFC6-4C16-A8B2-BFFE42A191B5}"
EndProject
Global
	GlobalSection(SolutionConfigurationPlatforms) = preSolution
		Debug|Any CPU = Debug|Any CPU
		Debug|x64 = Debug|x64
		Debug|x86 = Debug|x86
		Release|Any CPU = Release|Any CPU
		Release|x64 = Release|x64
		Release|x86 = Release|x86
	EndGlobalSection
	GlobalSection(ProjectConfigurationPlatforms) = postSolution
		{DCDD51F7-823A-4BD3-88B5-128E2AD72C27}.Debug|Any CPU.ActiveCfg = Debug|Any CPU
		{DCDD51F7-823A-4BD3-88B5-128E2AD72C27}.Debug|Any CPU.Build.0 = Debug|Any CPU
		{DCDD51F7-823A-4BD3-88B5-128E2AD72C27}.Debug|x64.ActiveCfg = Debug|Any CPU
		{DCDD51F7-823A-4BD3-88B5-128E2AD72C27}.Debug|x64.Build.0 = Debug|Any CPU
		{DCDD51F7-823A-4BD3-88B5-128E2AD72C27}.Debug|x86.ActiveCfg = Debug|Any CPU
		{DCDD51F7-823A-4BD3-88B5-128E2AD72C27}.Debug|x86.Build.0 = Debug|Any CPU
		{DCDD51F7-823A-4BD3-88B5-128E2AD72C27}.Release|Any CPU.ActiveCfg = Release|Any CPU
		{DCDD51F7-823A-4BD3-88B5-128E2AD72C27}.Release|Any CPU.Build.0 = Release|Any CPU
		{DCDD51F7-823A-4BD3-88B5-128E2AD72C27}.Release|x64.ActiveCfg = Release|Any CPU
		{DCDD51F7-823A-4BD3-88B5-128E2AD72C27}.Release|x64.Build.0 = Release|Any CPU
		{DCDD51F7-823A-4BD3-88B5-128E2AD72C27}.Release|x86.ActiveCfg = Release|Any CPU
		{DCDD51F7-823A-4BD3-88B5-128E2AD72C27}.Release|x86.Build.0 = Release|Any CPU
		{7AE77DF4-0A65-493F-91A6-8DDEA8649090}.Debug|Any CPU.ActiveCfg = Debug|Any CPU
		{7AE77DF4-0A65-493F-91A6-8DDEA8649090}.Debug|Any CPU.Build.0 = Debug|Any CPU
		{7AE77DF4-0A65-493F-91A6-8DDEA8649090}.Debug|x64.ActiveCfg = Debug|Any CPU
		{7AE77DF4-0A65-493F-91A6-8DDEA8649090}.Debug|x64.Build.0 = Debug|Any CPU
		{7AE77DF4-0A65-493F-91A6-8DDEA8649090}.Debug|x86.ActiveCfg = Debug|Any CPU
		{7AE77DF4-0A65-493F-91A6-8DDEA8649090}.Debug|x86.Build.0 = Debug|Any CPU
		{7AE77DF4-0A65-493F-91A6-8DDEA8649090}.Release|Any CPU.ActiveCfg = Release|Any CPU
		{7AE77DF4-0A65-493F-91A6-8DDEA8649090}.Release|Any CPU.Build.0 = Release|Any CPU
		{7AE77DF4-0A65-493F-91A6-8DDEA8649090}.Release|x64.ActiveCfg = Release|Any CPU
		{7AE77DF4-0A65-493F-91A6-8DDEA8649090}.Release|x64.Build.0 = Release|Any CPU
		{7AE77DF4-0A65-493F-91A6-8DDEA8649090}.Release|x86.ActiveCfg = Release|Any CPU
		{7AE77DF4-0A65-493F-91A6-8DDEA8649090}.Release|x86.Build.0 = Release|Any CPU
		{C1794956-939F-45D3-9004-756AF5A3D13B}.Debug|Any CPU.ActiveCfg = Debug|Any CPU
		{C1794956-939F-45D3-9004-756AF5A3D13B}.Debug|Any CPU.Build.0 = Debug|Any CPU
		{C1794956-939F-45D3-9004-756AF5A3D13B}.Debug|x64.ActiveCfg = Debug|Any CPU
		{C1794956-939F-45D3-9004-756AF5A3D13B}.Debug|x64.Build.0 = Debug|Any CPU
		{C1794956-939F-45D3-9004-756AF5A3D13B}.Debug|x86.ActiveCfg = Debug|Any CPU
		{C1794956-939F-45D3-9004-756AF5A3D13B}.Debug|x86.Build.0 = Debug|Any CPU
		{C1794956-939F-45D3-9004-756AF5A3D13B}.Release|Any CPU.ActiveCfg = Release|Any CPU
		{C1794956-939F-45D3-9004-756AF5A3D13B}.Release|Any CPU.Build.0 = Release|Any CPU
		{C1794956-939F-45D3-9004-756AF5A3D13B}.Release|x64.ActiveCfg = Release|Any CPU
		{C1794956-939F-45D3-9004-756AF5A3D13B}.Release|x64.Build.0 = Release|Any CPU
		{C1794956-939F-45D3-9004-756AF5A3D13B}.Release|x86.ActiveCfg = Release|Any CPU
		{C1794956-939F-45D3-9004-756AF5A3D13B}.Release|x86.Build.0 = Release|Any CPU
		{4DC48A40-4D3F-4A09-920F-72BA95D5D15D}.Debug|Any CPU.ActiveCfg = Debug|Any CPU
		{4DC48A40-4D3F-4A09-920F-72BA95D5D15D}.Debug|Any CPU.Build.0 = Debug|Any CPU
		{4DC48A40-4D3F-4A09-920F-72BA95D5D15D}.Debug|x64.ActiveCfg = Debug|Any CPU
		{4DC48A40-4D3F-4A09-920F-72BA95D5D15D}.Debug|x64.Build.0 = Debug|Any CPU
		{4DC48A40-4D3F-4A09-920F-72BA95D5D15D}.Debug|x86.ActiveCfg = Debug|Any CPU
		{4DC48A40-4D3F-4A09-920F-72BA95D5D15D}.Debug|x86.Build.0 = Debug|Any CPU
		{4DC48A40-4D3F-4A09-920F-72BA95D5D15D}.Release|Any CPU.ActiveCfg = Release|Any CPU
		{4DC48A40-4D3F-4A09-920F-72BA95D5D15D}.Release|Any CPU.Build.0 = Release|Any CPU
		{4DC48A40-4D3F-4A09-920F-72BA95D5D15D}.Release|x64.ActiveCfg = Release|Any CPU
		{4DC48A40-4D3F-4A09-920F-72BA95D5D15D}.Release|x64.Build.0 = Release|Any CPU
		{4DC48A40-4D3F-4A09-920F-72BA95D5D15D}.Release|x86.ActiveCfg = Release|Any CPU
		{4DC48A40-4D3F-4A09-920F-72BA95D5D15D}.Release|x86.Build.0 = Release|Any CPU
		{E3F4B88E-CB27-443D-BF2C-CB895AA0EFDB}.Debug|Any CPU.ActiveCfg = Debug|Any CPU
		{E3F4B88E-CB27-443D-BF2C-CB895AA0EFDB}.Debug|Any CPU.Build.0 = Debug|Any CPU
		{E3F4B88E-CB27-443D-BF2C-CB895AA0EFDB}.Debug|x64.ActiveCfg = Debug|Any CPU
		{E3F4B88E-CB27-443D-BF2C-CB895AA0EFDB}.Debug|x64.Build.0 = Debug|Any CPU
		{E3F4B88E-CB27-443D-BF2C-CB895AA0EFDB}.Debug|x86.ActiveCfg = Debug|Any CPU
		{E3F4B88E-CB27-443D-BF2C-CB895AA0EFDB}.Debug|x86.Build.0 = Debug|Any CPU
		{E3F4B88E-CB27-443D-BF2C-CB895AA0EFDB}.Release|Any CPU.ActiveCfg = Release|Any CPU
		{E3F4B88E-CB27-443D-BF2C-CB895AA0EFDB}.Release|Any CPU.Build.0 = Release|Any CPU
		{E3F4B88E-CB27-443D-BF2C-CB895AA0EFDB}.Release|x64.ActiveCfg = Release|Any CPU
		{E3F4B88E-CB27-443D-BF2C-CB895AA0EFDB}.Release|x64.Build.0 = Release|Any CPU
		{E3F4B88E-CB27-443D-BF2C-CB895AA0EFDB}.Release|x86.ActiveCfg = Release|Any CPU
		{E3F4B88E-CB27-443D-BF2C-CB895AA0EFDB}.Release|x86.Build.0 = Release|Any CPU
		{2E793ADE-83E0-4473-8B3C-4AA7DE259DE6}.Debug|Any CPU.ActiveCfg = Debug|Any CPU
		{2E793ADE-83E0-4473-8B3C-4AA7DE259DE6}.Debug|Any CPU.Build.0 = Debug|Any CPU
		{2E793ADE-83E0-4473-8B3C-4AA7DE259DE6}.Debug|x64.ActiveCfg = Debug|Any CPU
		{2E793ADE-83E0-4473-8B3C-4AA7DE259DE6}.Debug|x64.Build.0 = Debug|Any CPU
		{2E793ADE-83E0-4473-8B3C-4AA7DE259DE6}.Debug|x86.ActiveCfg = Debug|Any CPU
		{2E793ADE-83E0-4473-8B3C-4AA7DE259DE6}.Debug|x86.Build.0 = Debug|Any CPU
		{2E793ADE-83E0-4473-8B3C-4AA7DE259DE6}.Release|Any CPU.ActiveCfg = Release|Any CPU
		{2E793ADE-83E0-4473-8B3C-4AA7DE259DE6}.Release|Any CPU.Build.0 = Release|Any CPU
		{2E793ADE-83E0-4473-8B3C-4AA7DE259DE6}.Release|x64.ActiveCfg = Release|Any CPU
		{2E793ADE-83E0-4473-8B3C-4AA7DE259DE6}.Release|x64.Build.0 = Release|Any CPU
		{2E793ADE-83E0-4473-8B3C-4AA7DE259DE6}.Release|x86.ActiveCfg = Release|Any CPU
		{2E793ADE-83E0-4473-8B3C-4AA7DE259DE6}.Release|x86.Build.0 = Release|Any CPU
		{7DC56329-417F-4F79-BE25-E6E9948AB0A7}.Debug|Any CPU.ActiveCfg = Debug|Any CPU
		{7DC56329-417F-4F79-BE25-E6E9948AB0A7}.Debug|Any CPU.Build.0 = Debug|Any CPU
		{7DC56329-417F-4F79-BE25-E6E9948AB0A7}.Debug|x64.ActiveCfg = Debug|Any CPU
		{7DC56329-417F-4F79-BE25-E6E9948AB0A7}.Debug|x64.Build.0 = Debug|Any CPU
		{7DC56329-417F-4F79-BE25-E6E9948AB0A7}.Debug|x86.ActiveCfg = Debug|Any CPU
		{7DC56329-417F-4F79-BE25-E6E9948AB0A7}.Debug|x86.Build.0 = Debug|Any CPU
		{7DC56329-417F-4F79-BE25-E6E9948AB0A7}.Release|Any CPU.ActiveCfg = Release|Any CPU
		{7DC56329-417F-4F79-BE25-E6E9948AB0A7}.Release|Any CPU.Build.0 = Release|Any CPU
		{7DC56329-417F-4F79-BE25-E6E9948AB0A7}.Release|x64.ActiveCfg = Release|Any CPU
		{7DC56329-417F-4F79-BE25-E6E9948AB0A7}.Release|x64.Build.0 = Release|Any CPU
		{7DC56329-417F-4F79-BE25-E6E9948AB0A7}.Release|x86.ActiveCfg = Release|Any CPU
		{7DC56329-417F-4F79-BE25-E6E9948AB0A7}.Release|x86.Build.0 = Release|Any CPU
		{24F7863E-8A1D-4B14-943F-862E5B96AFCF}.Debug|Any CPU.ActiveCfg = Debug|Any CPU
		{24F7863E-8A1D-4B14-943F-862E5B96AFCF}.Debug|Any CPU.Build.0 = Debug|Any CPU
		{24F7863E-8A1D-4B14-943F-862E5B96AFCF}.Debug|x64.ActiveCfg = Debug|Any CPU
		{24F7863E-8A1D-4B14-943F-862E5B96AFCF}.Debug|x64.Build.0 = Debug|Any CPU
		{24F7863E-8A1D-4B14-943F-862E5B96AFCF}.Debug|x86.ActiveCfg = Debug|Any CPU
		{24F7863E-8A1D-4B14-943F-862E5B96AFCF}.Debug|x86.Build.0 = Debug|Any CPU
		{24F7863E-8A1D-4B14-943F-862E5B96AFCF}.Release|Any CPU.ActiveCfg = Release|Any CPU
		{24F7863E-8A1D-4B14-943F-862E5B96AFCF}.Release|Any CPU.Build.0 = Release|Any CPU
		{24F7863E-8A1D-4B14-943F-862E5B96AFCF}.Release|x64.ActiveCfg = Release|Any CPU
		{24F7863E-8A1D-4B14-943F-862E5B96AFCF}.Release|x64.Build.0 = Release|Any CPU
		{24F7863E-8A1D-4B14-943F-862E5B96AFCF}.Release|x86.ActiveCfg = Release|Any CPU
		{24F7863E-8A1D-4B14-943F-862E5B96AFCF}.Release|x86.Build.0 = Release|Any CPU
		{DBED1D64-AFC6-4C16-A8B2-BFFE42A191B5}.Debug|Any CPU.ActiveCfg = Debug|Any CPU
		{DBED1D64-AFC6-4C16-A8B2-BFFE42A191B5}.Debug|Any CPU.Build.0 = Debug|Any CPU
		{DBED1D64-AFC6-4C16-A8B2-BFFE42A191B5}.Debug|x64.ActiveCfg = Debug|Any CPU
		{DBED1D64-AFC6-4C16-A8B2-BFFE42A191B5}.Debug|x64.Build.0 = Debug|Any CPU
		{DBED1D64-AFC6-4C16-A8B2-BFFE42A191B5}.Debug|x86.ActiveCfg = Debug|Any CPU
		{DBED1D64-AFC6-4C16-A8B2-BFFE42A191B5}.Debug|x86.Build.0 = Debug|Any CPU
		{DBED1D64-AFC6-4C16-A8B2-BFFE42A191B5}.Release|Any CPU.ActiveCfg = Release|Any CPU
		{DBED1D64-AFC6-4C16-A8B2-BFFE42A191B5}.Release|Any CPU.Build.0 = Release|Any CPU
		{DBED1D64-AFC6-4C16-A8B2-BFFE42A191B5}.Release|x64.ActiveCfg = Release|Any CPU
		{DBED1D64-AFC6-4C16-A8B2-BFFE42A191B5}.Release|x64.Build.0 = Release|Any CPU
		{DBED1D64-AFC6-4C16-A8B2-BFFE42A191B5}.Release|x86.ActiveCfg = Release|Any CPU
		{DBED1D64-AFC6-4C16-A8B2-BFFE42A191B5}.Release|x86.Build.0 = Release|Any CPU
	EndGlobalSection
	GlobalSection(SolutionProperties) = preSolution
		HideSolutionNode = FALSE
	EndGlobalSection
	GlobalSection(NestedProjects) = preSolution
		{E3F4B88E-CB27-443D-BF2C-CB895AA0EFDB} = {E0F13A2C-519F-4A0D-A90D-0F73FC392520}
		{2E793ADE-83E0-4473-8B3C-4AA7DE259DE6} = {119909A6-F077-46EC-AA90-0053795F5937}
	EndGlobalSection
	GlobalSection(ExtensibilityGlobals) = postSolution
		SolutionGuid = {D5E979D6-91BC-48B7-88FB-30B0C2102D10}
	EndGlobalSection
EndGlobal
